
Microsoft Visual Studio Solution File, Format Version 12.00
# Visual Studio Version 16
VisualStudioVersion = 16.0.28803.156
MinimumVisualStudioVersion = 10.0.40219.1
Project("{FAE04EC0-301F-11D3-BF4B-00C04F79EFBC}") = "Imobiliaria", "Imobiliaria\Imobiliaria.csproj", "{D82E2E5B-3500-4B55-A888-AA21E61CB3D5}"
EndProject
Global
	GlobalSection(SolutionConfigurationPlatforms) = preSolution
		Debug|Any CPU = Debug|Any CPU
		Release|Any CPU = Release|Any CPU
	EndGlobalSection
	GlobalSection(ProjectConfigurationPlatforms) = postSolution
		{D82E2E5B-3500-4B55-A888-AA21E61CB3D5}.Debug|Any CPU.ActiveCfg = Debug|Any CPU
		{D82E2E5B-3500-4B55-A888-AA21E61CB3D5}.Debug|Any CPU.Build.0 = Debug|Any CPU
		{D82E2E5B-3500-4B55-A888-AA21E61CB3D5}.Release|Any CPU.ActiveCfg = Release|Any CPU
		{D82E2E5B-3500-4B55-A888-AA21E61CB3D5}.Release|Any CPU.Build.0 = Release|Any CPU
	EndGlobalSection
	GlobalSection(SolutionProperties) = preSolution
		HideSolutionNode = FALSE
	EndGlobalSection
	GlobalSection(ExtensibilityGlobals) = postSolution
		SolutionGuid = {3F9FD673-3EBD-491A-A3AF-570292AC2933}
	EndGlobalSection
EndGlobal
