
Microsoft Visual Studio Solution File, Format Version 12.00
# Visual Studio 15
VisualStudioVersion = 15.0.28010.2046
MinimumVisualStudioVersion = 10.0.40219.1
Project("{FAE04EC0-301F-11D3-BF4B-00C04F79EFBC}") = "Imobi", "Imobi\Imobi.csproj", "{028AF595-5706-47CD-8550-F037E1C801FC}"
EndProject
Global
	GlobalSection(SolutionConfigurationPlatforms) = preSolution
		Debug|Any CPU = Debug|Any CPU
		Release|Any CPU = Release|Any CPU
	EndGlobalSection
	GlobalSection(ProjectConfigurationPlatforms) = postSolution
		{028AF595-5706-47CD-8550-F037E1C801FC}.Debug|Any CPU.ActiveCfg = Debug|Any CPU
		{028AF595-5706-47CD-8550-F037E1C801FC}.Debug|Any CPU.Build.0 = Debug|Any CPU
		{028AF595-5706-47CD-8550-F037E1C801FC}.Release|Any CPU.ActiveCfg = Release|Any CPU
		{028AF595-5706-47CD-8550-F037E1C801FC}.Release|Any CPU.Build.0 = Release|Any CPU
	EndGlobalSection
	GlobalSection(SolutionProperties) = preSolution
		HideSolutionNode = FALSE
	EndGlobalSection
	GlobalSection(ExtensibilityGlobals) = postSolution
		SolutionGuid = {AF47CE78-D64C-4BA2-BF28-9AC192A2AA38}
	EndGlobalSection
EndGlobal
